
Microsoft Visual Studio Solution File, Format Version 12.00
# Visual Studio 14
VisualStudioVersion = 14.0.25123.0
MinimumVisualStudioVersion = 10.0.40219.1
Project("{FAE04EC0-301F-11D3-BF4B-00C04F79EFBC}") = "Agl.CodeTest.Web", "Agl.CodeTest.Web\Agl.CodeTest.Web.csproj", "{7AF01040-1711-4F05-A400-6B62404B6EB7}"
EndProject
Project("{FAE04EC0-301F-11D3-BF4B-00C04F79EFBC}") = "Agl.CodeTest.Dal", "Agl.CodeTest.Dal\Agl.CodeTest.Dal.csproj", "{4A2BF3FF-1B24-485B-9F08-607C893558B7}"
EndProject
Project("{FAE04EC0-301F-11D3-BF4B-00C04F79EFBC}") = "Agl.CodeTest.Tests", "Agl.CodeTest.Tests\Agl.CodeTest.Tests.csproj", "{23266256-F49F-47D8-9842-E8CCB490FDD4}"
EndProject
Global
	GlobalSection(SolutionConfigurationPlatforms) = preSolution
		Debug|Any CPU = Debug|Any CPU
		Release|Any CPU = Release|Any CPU
	EndGlobalSection
	GlobalSection(ProjectConfigurationPlatforms) = postSolution
		{7AF01040-1711-4F05-A400-6B62404B6EB7}.Debug|Any CPU.ActiveCfg = Debug|Any CPU
		{7AF01040-1711-4F05-A400-6B62404B6EB7}.Debug|Any CPU.Build.0 = Debug|Any CPU
		{7AF01040-1711-4F05-A400-6B62404B6EB7}.Release|Any CPU.ActiveCfg = Release|Any CPU
		{7AF01040-1711-4F05-A400-6B62404B6EB7}.Release|Any CPU.Build.0 = Release|Any CPU
		{4A2BF3FF-1B24-485B-9F08-607C893558B7}.Debug|Any CPU.ActiveCfg = Debug|Any CPU
		{4A2BF3FF-1B24-485B-9F08-607C893558B7}.Debug|Any CPU.Build.0 = Debug|Any CPU
		{4A2BF3FF-1B24-485B-9F08-607C893558B7}.Release|Any CPU.ActiveCfg = Release|Any CPU
		{4A2BF3FF-1B24-485B-9F08-607C893558B7}.Release|Any CPU.Build.0 = Release|Any CPU
		{23266256-F49F-47D8-9842-E8CCB490FDD4}.Debug|Any CPU.ActiveCfg = Debug|Any CPU
		{23266256-F49F-47D8-9842-E8CCB490FDD4}.Debug|Any CPU.Build.0 = Debug|Any CPU
		{23266256-F49F-47D8-9842-E8CCB490FDD4}.Release|Any CPU.ActiveCfg = Release|Any CPU
		{23266256-F49F-47D8-9842-E8CCB490FDD4}.Release|Any CPU.Build.0 = Release|Any CPU
	EndGlobalSection
	GlobalSection(SolutionProperties) = preSolution
		HideSolutionNode = FALSE
	EndGlobalSection
EndGlobal
